
Microsoft Visual Studio Solution File, Format Version 12.00
# Visual Studio Version 16
VisualStudioVersion = 16.0.31129.286
MinimumVisualStudioVersion = 10.0.40219.1
Project("{FAE04EC0-301F-11D3-BF4B-00C04F79EFBC}") = "CrossesZerosGame", "CrossesZerosGame\CrossesZerosGame.csproj", "{929A39F0-6662-41F4-86B3-985D4B9F8461}"
EndProject
Global
	GlobalSection(SolutionConfigurationPlatforms) = preSolution
		Debug|Any CPU = Debug|Any CPU
		Release|Any CPU = Release|Any CPU
	EndGlobalSection
	GlobalSection(ProjectConfigurationPlatforms) = postSolution
		{929A39F0-6662-41F4-86B3-985D4B9F8461}.Debug|Any CPU.ActiveCfg = Debug|Any CPU
		{929A39F0-6662-41F4-86B3-985D4B9F8461}.Debug|Any CPU.Build.0 = Debug|Any CPU
		{929A39F0-6662-41F4-86B3-985D4B9F8461}.Release|Any CPU.ActiveCfg = Release|Any CPU
		{929A39F0-6662-41F4-86B3-985D4B9F8461}.Release|Any CPU.Build.0 = Release|Any CPU
	EndGlobalSection
	GlobalSection(SolutionProperties) = preSolution
		HideSolutionNode = FALSE
	EndGlobalSection
	GlobalSection(ExtensibilityGlobals) = postSolution
		SolutionGuid = {4E05928B-077B-46A0-8CEB-6AFD61A4D8C4}
	EndGlobalSection
EndGlobal
